
Microsoft Visual Studio Solution File, Format Version 12.00
# Visual Studio Version 16
VisualStudioVersion = 16.0.32002.261
MinimumVisualStudioVersion = 10.0.40219.1
Project("{FAE04EC0-301F-11D3-BF4B-00C04F79EFBC}") = "Stopwatch", "Stopwatch\Stopwatch.csproj", "{EA18AEBC-112E-4011-A0C6-C02057D3FB23}"
EndProject
Global
	GlobalSection(SolutionConfigurationPlatforms) = preSolution
		Debug|Any CPU = Debug|Any CPU
		Release|Any CPU = Release|Any CPU
	EndGlobalSection
	GlobalSection(ProjectConfigurationPlatforms) = postSolution
		{EA18AEBC-112E-4011-A0C6-C02057D3FB23}.Debug|Any CPU.ActiveCfg = Debug|Any CPU
		{EA18AEBC-112E-4011-A0C6-C02057D3FB23}.Debug|Any CPU.Build.0 = Debug|Any CPU
		{EA18AEBC-112E-4011-A0C6-C02057D3FB23}.Debug|Any CPU.Deploy.0 = Debug|Any CPU
		{EA18AEBC-112E-4011-A0C6-C02057D3FB23}.Release|Any CPU.ActiveCfg = Release|Any CPU
		{EA18AEBC-112E-4011-A0C6-C02057D3FB23}.Release|Any CPU.Build.0 = Release|Any CPU
		{EA18AEBC-112E-4011-A0C6-C02057D3FB23}.Release|Any CPU.Deploy.0 = Release|Any CPU
	EndGlobalSection
	GlobalSection(SolutionProperties) = preSolution
		HideSolutionNode = FALSE
	EndGlobalSection
	GlobalSection(ExtensibilityGlobals) = postSolution
		SolutionGuid = {AD0C4138-1294-4374-936D-AB759D0BC025}
	EndGlobalSection
EndGlobal
